
Microsoft Visual Studio Solution File, Format Version 12.00
# Visual Studio 15
VisualStudioVersion = 15.0.27130.2020
MinimumVisualStudioVersion = 10.0.40219.1
Project("{FAE04EC0-301F-11D3-BF4B-00C04F79EFBC}") = "DataProcessor", "DataProcessor\DataProcessor.csproj", "{B7D7F7C2-2A3D-43AE-92B3-C57080C27460}"
EndProject
Global
	GlobalSection(SolutionConfigurationPlatforms) = preSolution
		Debug|Any CPU = Debug|Any CPU
		Release|Any CPU = Release|Any CPU
	EndGlobalSection
	GlobalSection(ProjectConfigurationPlatforms) = postSolution
		{B7D7F7C2-2A3D-43AE-92B3-C57080C27460}.Debug|Any CPU.ActiveCfg = Debug|Any CPU
		{B7D7F7C2-2A3D-43AE-92B3-C57080C27460}.Debug|Any CPU.Build.0 = Debug|Any CPU
		{B7D7F7C2-2A3D-43AE-92B3-C57080C27460}.Release|Any CPU.ActiveCfg = Release|Any CPU
		{B7D7F7C2-2A3D-43AE-92B3-C57080C27460}.Release|Any CPU.Build.0 = Release|Any CPU
	EndGlobalSection
	GlobalSection(SolutionProperties) = preSolution
		HideSolutionNode = FALSE
	EndGlobalSection
	GlobalSection(ExtensibilityGlobals) = postSolution
		SolutionGuid = {18080332-970F-4609-969E-3E145B1EDBB8}
	EndGlobalSection
EndGlobal
